// !$*UTF8*$!
{
	archiveVersion = 1;
	classes = {
	};
	objectVersion = 50;
	objects = {

/* Begin PBXBuildFile section */
		88019CBC2329B4D6009CFF37 /* ChromaticAberrationCIFilter.swift in Sources */ = {isa = PBXBuildFile; fileRef = 88019CBB2329B4D6009CFF37 /* ChromaticAberrationCIFilter.swift */; };
		8833C9342324C01800AEC434 /* AddFiltersVC.swift in Sources */ = {isa = PBXBuildFile; fileRef = 8833C9332324C01800AEC434 /* AddFiltersVC.swift */; };
		8833C9362324E0AD00AEC434 /* PixelDelta.swift in Sources */ = {isa = PBXBuildFile; fileRef = 8833C9352324E0AD00AEC434 /* PixelDelta.swift */; };
		889B163B2325D08C0050D58D /* MainTabBVC.swift in Sources */ = {isa = PBXBuildFile; fileRef = 889B163A2325D08C0050D58D /* MainTabBVC.swift */; };
		889B163D2325D0FD0050D58D /* ResizeVC.swift in Sources */ = {isa = PBXBuildFile; fileRef = 889B163C2325D0FD0050D58D /* ResizeVC.swift */; };
		889B163F2325D10B0050D58D /* CollageVC.swift in Sources */ = {isa = PBXBuildFile; fileRef = 889B163E2325D10B0050D58D /* CollageVC.swift */; };
		889B1642232766370050D58D /* CanvasBg.swift in Sources */ = {isa = PBXBuildFile; fileRef = 889B1641232766370050D58D /* CanvasBg.swift */; };
		889B164423276A060050D58D /* PlaceHolderCollage.swift in Sources */ = {isa = PBXBuildFile; fileRef = 889B164323276A060050D58D /* PlaceHolderCollage.swift */; };
		889B16462328C8350050D58D /* MaskImageView.swift in Sources */ = {isa = PBXBuildFile; fileRef = 889B16452328C8350050D58D /* MaskImageView.swift */; };
		88A00AA823222A5E009B3A35 /* AppDelegate.swift in Sources */ = {isa = PBXBuildFile; fileRef = 88A00AA723222A5E009B3A35 /* AppDelegate.swift */; };
		88A00AAA23222A5E009B3A35 /* ViewController.swift in Sources */ = {isa = PBXBuildFile; fileRef = 88A00AA923222A5E009B3A35 /* ViewController.swift */; };
		88A00AAD23222A5E009B3A35 /* Main.storyboard in Resources */ = {isa = PBXBuildFile; fileRef = 88A00AAB23222A5E009B3A35 /* Main.storyboard */; };
		88A00AAF23222A7F009B3A35 /* Assets.xcassets in Resources */ = {isa = PBXBuildFile; fileRef = 88A00AAE23222A7F009B3A35 /* Assets.xcassets */; };
		88A00AB223222A7F009B3A35 /* LaunchScreen.storyboard in Resources */ = {isa = PBXBuildFile; fileRef = 88A00AB023222A7F009B3A35 /* LaunchScreen.storyboard */; };
		88A00ABC23222CA2009B3A35 /* HomeVC.swift in Sources */ = {isa = PBXBuildFile; fileRef = 88A00ABB23222CA2009B3A35 /* HomeVC.swift */; };
		88A00ABF23222CC7009B3A35 /* Extensions.swift in Sources */ = {isa = PBXBuildFile; fileRef = 88A00ABE23222CC7009B3A35 /* Extensions.swift */; };
		88A00AC1232232C9009B3A35 /* RGBAPixel.swift in Sources */ = {isa = PBXBuildFile; fileRef = 88A00AC0232232C9009B3A35 /* RGBAPixel.swift */; };
		88A00AC3232232F3009B3A35 /* Image.swift in Sources */ = {isa = PBXBuildFile; fileRef = 88A00AC2232232F3009B3A35 /* Image.swift */; };
		88A00AC723238CBE009B3A35 /* Filter.swift in Sources */ = {isa = PBXBuildFile; fileRef = 88A00AC623238CBE009B3A35 /* Filter.swift */; };
		88A00AC923238D0A009B3A35 /* Filters.swift in Sources */ = {isa = PBXBuildFile; fileRef = 88A00AC823238D0A009B3A35 /* Filters.swift */; };
		88A00ACB23239270009B3A35 /* FiltersModel.swift in Sources */ = {isa = PBXBuildFile; fileRef = 88A00ACA23239270009B3A35 /* FiltersModel.swift */; };
		88A00ACD232395E0009B3A35 /* SelectFiltersVC.swift in Sources */ = {isa = PBXBuildFile; fileRef = 88A00ACC232395E0009B3A35 /* SelectFiltersVC.swift */; };
		88A00AD023239664009B3A35 /* FilterCell.swift in Sources */ = {isa = PBXBuildFile; fileRef = 88A00ACF23239664009B3A35 /* FilterCell.swift */; };
/* End PBXBuildFile section */

/* Begin PBXFileReference section */
		88019CBB2329B4D6009CFF37 /* ChromaticAberrationCIFilter.swift */ = {isa = PBXFileReference; lastKnownFileType = sourcecode.swift; path = ChromaticAberrationCIFilter.swift; sourceTree = "<group>"; };
		8833C9332324C01800AEC434 /* AddFiltersVC.swift */ = {isa = PBXFileReference; lastKnownFileType = sourcecode.swift; path = AddFiltersVC.swift; sourceTree = "<group>"; };
		8833C9352324E0AD00AEC434 /* PixelDelta.swift */ = {isa = PBXFileReference; lastKnownFileType = sourcecode.swift; path = PixelDelta.swift; sourceTree = "<group>"; };
		889B163A2325D08C0050D58D /* MainTabBVC.swift */ = {isa = PBXFileReference; lastKnownFileType = sourcecode.swift; path = MainTabBVC.swift; sourceTree = "<group>"; };
		889B163C2325D0FD0050D58D /* ResizeVC.swift */ = {isa = PBXFileReference; lastKnownFileType = sourcecode.swift; path = ResizeVC.swift; sourceTree = "<group>"; };
		889B163E2325D10B0050D58D /* CollageVC.swift */ = {isa = PBXFileReference; lastKnownFileType = sourcecode.swift; path = CollageVC.swift; sourceTree = "<group>"; };
		889B1641232766370050D58D /* CanvasBg.swift */ = {isa = PBXFileReference; lastKnownFileType = sourcecode.swift; path = CanvasBg.swift; sourceTree = "<group>"; };
		889B164323276A060050D58D /* PlaceHolderCollage.swift */ = {isa = PBXFileReference; lastKnownFileType = sourcecode.swift; path = PlaceHolderCollage.swift; sourceTree = "<group>"; };
		889B16452328C8350050D58D /* MaskImageView.swift */ = {isa = PBXFileReference; lastKnownFileType = sourcecode.swift; path = MaskImageView.swift; sourceTree = "<group>"; };
		88A00AA423222A5E009B3A35 /* PixelImage.app */ = {isa = PBXFileReference; explicitFileType = wrapper.application; includeInIndex = 0; path = PixelImage.app; sourceTree = BUILT_PRODUCTS_DIR; };
		88A00AA723222A5E009B3A35 /* AppDelegate.swift */ = {isa = PBXFileReference; lastKnownFileType = sourcecode.swift; path = AppDelegate.swift; sourceTree = "<group>"; };
		88A00AA923222A5E009B3A35 /* ViewController.swift */ = {isa = PBXFileReference; lastKnownFileType = sourcecode.swift; path = ViewController.swift; sourceTree = "<group>"; };
		88A00AAC23222A5E009B3A35 /* Base */ = {isa = PBXFileReference; lastKnownFileType = file.storyboard; name = Base; path = Base.lproj/Main.storyboard; sourceTree = "<group>"; };
		88A00AAE23222A7F009B3A35 /* Assets.xcassets */ = {isa = PBXFileReference; lastKnownFileType = folder.assetcatalog; path = Assets.xcassets; sourceTree = "<group>"; };
		88A00AB123222A7F009B3A35 /* Base */ = {isa = PBXFileReference; lastKnownFileType = file.storyboard; name = Base; path = Base.lproj/LaunchScreen.storyboard; sourceTree = "<group>"; };
		88A00AB323222A7F009B3A35 /* Info.plist */ = {isa = PBXFileReference; lastKnownFileType = text.plist.xml; path = Info.plist; sourceTree = "<group>"; };
		88A00ABB23222CA2009B3A35 /* HomeVC.swift */ = {isa = PBXFileReference; lastKnownFileType = sourcecode.swift; path = HomeVC.swift; sourceTree = "<group>"; };
		88A00ABE23222CC7009B3A35 /* Extensions.swift */ = {isa = PBXFileReference; lastKnownFileType = sourcecode.swift; path = Extensions.swift; sourceTree = "<group>"; };
		88A00AC0232232C9009B3A35 /* RGBAPixel.swift */ = {isa = PBXFileReference; lastKnownFileType = sourcecode.swift; path = RGBAPixel.swift; sourceTree = "<group>"; };
		88A00AC2232232F3009B3A35 /* Image.swift */ = {isa = PBXFileReference; lastKnownFileType = sourcecode.swift; path = Image.swift; sourceTree = "<group>"; };
		88A00AC623238CBE009B3A35 /* Filter.swift */ = {isa = PBXFileReference; lastKnownFileType = sourcecode.swift; path = Filter.swift; sourceTree = "<group>"; };
		88A00AC823238D0A009B3A35 /* Filters.swift */ = {isa = PBXFileReference; lastKnownFileType = sourcecode.swift; path = Filters.swift; sourceTree = "<group>"; };
		88A00ACA23239270009B3A35 /* FiltersModel.swift */ = {isa = PBXFileReference; lastKnownFileType = sourcecode.swift; path = FiltersModel.swift; sourceTree = "<group>"; };
		88A00ACC232395E0009B3A35 /* SelectFiltersVC.swift */ = {isa = PBXFileReference; lastKnownFileType = sourcecode.swift; path = SelectFiltersVC.swift; sourceTree = "<group>"; };
		88A00ACF23239664009B3A35 /* FilterCell.swift */ = {isa = PBXFileReference; lastKnownFileType = sourcecode.swift; path = FilterCell.swift; sourceTree = "<group>"; };
/* End PBXFileReference section */

/* Begin PBXFrameworksBuildPhase section */
		88A00AA123222A5E009B3A35 /* Frameworks */ = {
			isa = PBXFrameworksBuildPhase;
			buildActionMask = 2147483647;
			files = (
			);
			runOnlyForDeploymentPostprocessing = 0;
		};
/* End PBXFrameworksBuildPhase section */

/* Begin PBXGroup section */
		889B1640232766110050D58D /* Collage */ = {
			isa = PBXGroup;
			children = (
				889B1641232766370050D58D /* CanvasBg.swift */,
				889B164323276A060050D58D /* PlaceHolderCollage.swift */,
			);
			path = Collage;
			sourceTree = "<group>";
		};
		88A00A9B23222A5D009B3A35 = {
			isa = PBXGroup;
			children = (
				88A00AA623222A5E009B3A35 /* PixelImage */,
				88A00AA523222A5E009B3A35 /* Products */,
			);
			sourceTree = "<group>";
		};
		88A00AA523222A5E009B3A35 /* Products */ = {
			isa = PBXGroup;
			children = (
				88A00AA423222A5E009B3A35 /* PixelImage.app */,
			);
			name = Products;
			sourceTree = "<group>";
		};
		88A00AA623222A5E009B3A35 /* PixelImage */ = {
			isa = PBXGroup;
			children = (
				88A00ACE2323964E009B3A35 /* View */,
				88A00ABD23222CB1009B3A35 /* Utils */,
				88A00ABA23222B49009B3A35 /* Model */,
				88A00AB923222B41009B3A35 /* Controller */,
				88A00AA723222A5E009B3A35 /* AppDelegate.swift */,
				88A00AA923222A5E009B3A35 /* ViewController.swift */,
				88A00AAB23222A5E009B3A35 /* Main.storyboard */,
				88A00AAE23222A7F009B3A35 /* Assets.xcassets */,
				88A00AB023222A7F009B3A35 /* LaunchScreen.storyboard */,
				88A00AB323222A7F009B3A35 /* Info.plist */,
			);
			path = PixelImage;
			sourceTree = "<group>";
		};
		88A00AB923222B41009B3A35 /* Controller */ = {
			isa = PBXGroup;
			children = (
				88A00ABB23222CA2009B3A35 /* HomeVC.swift */,
				88A00ACC232395E0009B3A35 /* SelectFiltersVC.swift */,
				8833C9332324C01800AEC434 /* AddFiltersVC.swift */,
				889B163A2325D08C0050D58D /* MainTabBVC.swift */,
				889B163C2325D0FD0050D58D /* ResizeVC.swift */,
				889B163E2325D10B0050D58D /* CollageVC.swift */,
			);
			path = Controller;
			sourceTree = "<group>";
		};
		88A00ABA23222B49009B3A35 /* Model */ = {
			isa = PBXGroup;
			children = (
				88A00AC0232232C9009B3A35 /* RGBAPixel.swift */,
				88A00AC2232232F3009B3A35 /* Image.swift */,
				88A00AC623238CBE009B3A35 /* Filter.swift */,
				88A00AC823238D0A009B3A35 /* Filters.swift */,
				88A00ACA23239270009B3A35 /* FiltersModel.swift */,
				8833C9352324E0AD00AEC434 /* PixelDelta.swift */,
			);
			path = Model;
			sourceTree = "<group>";
		};
		88A00ABD23222CB1009B3A35 /* Utils */ = {
			isa = PBXGroup;
			children = (
				88A00ABE23222CC7009B3A35 /* Extensions.swift */,
				889B16452328C8350050D58D /* MaskImageView.swift */,
				88019CBB2329B4D6009CFF37 /* ChromaticAberrationCIFilter.swift */,
			);
			path = Utils;
			sourceTree = "<group>";
		};
		88A00ACE2323964E009B3A35 /* View */ = {
			isa = PBXGroup;
			children = (
				889B1640232766110050D58D /* Collage */,
				88A00ACF23239664009B3A35 /* FilterCell.swift */,
			);
			path = View;
			sourceTree = "<group>";
		};
/* End PBXGroup section */

/* Begin PBXNativeTarget section */
		88A00AA323222A5E009B3A35 /* PixelImage */ = {
			isa = PBXNativeTarget;
			buildConfigurationList = 88A00AB623222A7F009B3A35 /* Build configuration list for PBXNativeTarget "PixelImage" */;
			buildPhases = (
				88A00AA023222A5E009B3A35 /* Sources */,
				88A00AA123222A5E009B3A35 /* Frameworks */,
				88A00AA223222A5E009B3A35 /* Resources */,
			);
			buildRules = (
			);
			dependencies = (
			);
			name = PixelImage;
			productName = PixelImage;
			productReference = 88A00AA423222A5E009B3A35 /* PixelImage.app */;
			productType = "com.apple.product-type.application";
		};
/* End PBXNativeTarget section */

/* Begin PBXProject section */
		88A00A9C23222A5D009B3A35 /* Project object */ = {
			isa = PBXProject;
			attributes = {
				LastSwiftUpdateCheck = 1030;
				LastUpgradeCheck = 1030;
				ORGANIZATIONNAME = JeguLabs;
				TargetAttributes = {
					88A00AA323222A5E009B3A35 = {
						CreatedOnToolsVersion = 10.3;
					};
				};
			};
			buildConfigurationList = 88A00A9F23222A5E009B3A35 /* Build configuration list for PBXProject "PixelImage" */;
			compatibilityVersion = "Xcode 9.3";
			developmentRegion = en;
			hasScannedForEncodings = 0;
			knownRegions = (
				en,
				Base,
			);
			mainGroup = 88A00A9B23222A5D009B3A35;
			productRefGroup = 88A00AA523222A5E009B3A35 /* Products */;
			projectDirPath = "";
			projectRoot = "";
			targets = (
				88A00AA323222A5E009B3A35 /* PixelImage */,
			);
		};
/* End PBXProject section */

/* Begin PBXResourcesBuildPhase section */
		88A00AA223222A5E009B3A35 /* Resources */ = {
			isa = PBXResourcesBuildPhase;
			buildActionMask = 2147483647;
			files = (
				88A00AB223222A7F009B3A35 /* LaunchScreen.storyboard in Resources */,
				88A00AAF23222A7F009B3A35 /* Assets.xcassets in Resources */,
				88A00AAD23222A5E009B3A35 /* Main.storyboard in Resources */,
			);
			runOnlyForDeploymentPostprocessing = 0;
		};
/* End PBXResourcesBuildPhase section */

/* Begin PBXSourcesBuildPhase section */
		88A00AA023222A5E009B3A35 /* Sources */ = {
			isa = PBXSourcesBuildPhase;
			buildActionMask = 2147483647;
			files = (
				88A00ACB23239270009B3A35 /* FiltersModel.swift in Sources */,
				88019CBC2329B4D6009CFF37 /* ChromaticAberrationCIFilter.swift in Sources */,
				88A00AC723238CBE009B3A35 /* Filter.swift in Sources */,
				88A00AD023239664009B3A35 /* FilterCell.swift in Sources */,
				88A00AC923238D0A009B3A35 /* Filters.swift in Sources */,
				88A00ABC23222CA2009B3A35 /* HomeVC.swift in Sources */,
				88A00ACD232395E0009B3A35 /* SelectFiltersVC.swift in Sources */,
				889B163B2325D08C0050D58D /* MainTabBVC.swift in Sources */,
				889B163D2325D0FD0050D58D /* ResizeVC.swift in Sources */,
				88A00AC3232232F3009B3A35 /* Image.swift in Sources */,
				88A00AC1232232C9009B3A35 /* RGBAPixel.swift in Sources */,
				889B163F2325D10B0050D58D /* CollageVC.swift in Sources */,
				8833C9342324C01800AEC434 /* AddFiltersVC.swift in Sources */,
				88A00AAA23222A5E009B3A35 /* ViewController.swift in Sources */,
				8833C9362324E0AD00AEC434 /* PixelDelta.swift in Sources */,
				889B1642232766370050D58D /* CanvasBg.swift in Sources */,
				889B164423276A060050D58D /* PlaceHolderCollage.swift in Sources */,
				88A00AA823222A5E009B3A35 /* AppDelegate.swift in Sources */,
				88A00ABF23222CC7009B3A35 /* Extensions.swift in Sources */,
				889B16462328C8350050D58D /* MaskImageView.swift in Sources */,
			);
			runOnlyForDeploymentPostprocessing = 0;
		};
/* End PBXSourcesBuildPhase section */

/* Begin PBXVariantGroup section */
		88A00AAB23222A5E009B3A35 /* Main.storyboard */ = {
			isa = PBXVariantGroup;
			children = (
				88A00AAC23222A5E009B3A35 /* Base */,
			);
			name = Main.storyboard;
			sourceTree = "<group>";
		};
		88A00AB023222A7F009B3A35 /* LaunchScreen.storyboard */ = {
			isa = PBXVariantGroup;
			children = (
				88A00AB123222A7F009B3A35 /* Base */,
			);
			name = LaunchScreen.storyboard;
			sourceTree = "<group>";
		};
/* End PBXVariantGroup section */

/* Begin XCBuildConfiguration section */
		88A00AB423222A7F009B3A35 /* Debug */ = {
			isa = XCBuildConfiguration;
			buildSettings = {
				ALWAYS_SEARCH_USER_PATHS = NO;
				CLANG_ANALYZER_NONNULL = YES;
				CLANG_ANALYZER_NUMBER_OBJECT_CONVERSION = YES_AGGRESSIVE;
				CLANG_CXX_LANGUAGE_STANDARD = "gnu++14";
				CLANG_CXX_LIBRARY = "libc++";
				CLANG_ENABLE_MODULES = YES;
				CLANG_ENABLE_OBJC_ARC = YES;
				CLANG_ENABLE_OBJC_WEAK = YES;
				CLANG_WARN_BLOCK_CAPTURE_AUTORELEASING = YES;
				CLANG_WARN_BOOL_CONVERSION = YES;
				CLANG_WARN_COMMA = YES;
				CLANG_WARN_CONSTANT_CONVERSION = YES;
				CLANG_WARN_DEPRECATED_OBJC_IMPLEMENTATIONS = YES;
				CLANG_WARN_DIRECT_OBJC_ISA_USAGE = YES_ERROR;
				CLANG_WARN_DOCUMENTATION_COMMENTS = YES;
				CLANG_WARN_EMPTY_BODY = YES;
				CLANG_WARN_ENUM_CONVERSION = YES;
				CLANG_WARN_INFINITE_RECURSION = YES;
				CLANG_WARN_INT_CONVERSION = YES;
				CLANG_WARN_NON_LITERAL_NULL_CONVERSION = YES;
				CLANG_WARN_OBJC_IMPLICIT_RETAIN_SELF = YES;
				CLANG_WARN_OBJC_LITERAL_CONVERSION = YES;
				CLANG_WARN_OBJC_ROOT_CLASS = YES_ERROR;
				CLANG_WARN_RANGE_LOOP_ANALYSIS = YES;
				CLANG_WARN_STRICT_PROTOTYPES = YES;
				CLANG_WARN_SUSPICIOUS_MOVE = YES;
				CLANG_WARN_UNGUARDED_AVAILABILITY = YES_AGGRESSIVE;
				CLANG_WARN_UNREACHABLE_CODE = YES;
				CLANG_WARN__DUPLICATE_METHOD_MATCH = YES;
				CODE_SIGN_IDENTITY = "iPhone Developer";
				COPY_PHASE_STRIP = NO;
				DEBUG_INFORMATION_FORMAT = dwarf;
				ENABLE_STRICT_OBJC_MSGSEND = YES;
				ENABLE_TESTABILITY = YES;
				GCC_C_LANGUAGE_STANDARD = gnu11;
				GCC_DYNAMIC_NO_PIC = NO;
				GCC_NO_COMMON_BLOCKS = YES;
				GCC_OPTIMIZATION_LEVEL = 0;
				GCC_PREPROCESSOR_DEFINITIONS = (
					"DEBUG=1",
					"$(inherited)",
				);
				GCC_WARN_64_TO_32_BIT_CONVERSION = YES;
				GCC_WARN_ABOUT_RETURN_TYPE = YES_ERROR;
				GCC_WARN_UNDECLARED_SELECTOR = YES;
				GCC_WARN_UNINITIALIZED_AUTOS = YES_AGGRESSIVE;
				GCC_WARN_UNUSED_FUNCTION = YES;
				GCC_WARN_UNUSED_VARIABLE = YES;
				IPHONEOS_DEPLOYMENT_TARGET = 12.4;
				MTL_ENABLE_DEBUG_INFO = INCLUDE_SOURCE;
				MTL_FAST_MATH = YES;
				ONLY_ACTIVE_ARCH = YES;
				SDKROOT = iphoneos;
				SWIFT_ACTIVE_COMPILATION_CONDITIONS = DEBUG;
				SWIFT_OPTIMIZATION_LEVEL = "-Onone";
			};
			name = Debug;
		};
		88A00AB523222A7F009B3A35 /* Release */ = {
			isa = XCBuildConfiguration;
			buildSettings = {
				ALWAYS_SEARCH_USER_PATHS = NO;
				CLANG_ANALYZER_NONNULL = YES;
				CLANG_ANALYZER_NUMBER_OBJECT_CONVERSION = YES_AGGRESSIVE;
				CLANG_CXX_LANGUAGE_STANDARD = "gnu++14";
				CLANG_CXX_LIBRARY = "libc++";
				CLANG_ENABLE_MODULES = YES;
				CLANG_ENABLE_OBJC_ARC = YES;
				CLANG_ENABLE_OBJC_WEAK = YES;
				CLANG_WARN_BLOCK_CAPTURE_AUTORELEASING = YES;
				CLANG_WARN_BOOL_CONVERSION = YES;
				CLANG_WARN_COMMA = YES;
				CLANG_WARN_CONSTANT_CONVERSION = YES;
				CLANG_WARN_DEPRECATED_OBJC_IMPLEMENTATIONS = YES;
				CLANG_WARN_DIRECT_OBJC_ISA_USAGE = YES_ERROR;
				CLANG_WARN_DOCUMENTATION_COMMENTS = YES;
				CLANG_WARN_EMPTY_BODY = YES;
				CLANG_WARN_ENUM_CONVERSION = YES;
				CLANG_WARN_INFINITE_RECURSION = YES;
				CLANG_WARN_INT_CONVERSION = YES;
				CLANG_WARN_NON_LITERAL_NULL_CONVERSION = YES;
				CLANG_WARN_OBJC_IMPLICIT_RETAIN_SELF = YES;
				CLANG_WARN_OBJC_LITERAL_CONVERSION = YES;
				CLANG_WARN_OBJC_ROOT_CLASS = YES_ERROR;
				CLANG_WARN_RANGE_LOOP_ANALYSIS = YES;
				CLANG_WARN_STRICT_PROTOTYPES = YES;
				CLANG_WARN_SUSPICIOUS_MOVE = YES;
				CLANG_WARN_UNGUARDED_AVAILABILITY = YES_AGGRESSIVE;
				CLANG_WARN_UNREACHABLE_CODE = YES;
				CLANG_WARN__DUPLICATE_METHOD_MATCH = YES;
				CODE_SIGN_IDENTITY = "iPhone Developer";
				COPY_PHASE_STRIP = NO;
				DEBUG_INFORMATION_FORMAT = "dwarf-with-dsym";
				ENABLE_NS_ASSERTIONS = NO;
				ENABLE_STRICT_OBJC_MSGSEND = YES;
				GCC_C_LANGUAGE_STANDARD = gnu11;
				GCC_NO_COMMON_BLOCKS = YES;
				GCC_WARN_64_TO_32_BIT_CONVERSION = YES;
				GCC_WARN_ABOUT_RETURN_TYPE = YES_ERROR;
				GCC_WARN_UNDECLARED_SELECTOR = YES;
				GCC_WARN_UNINITIALIZED_AUTOS = YES_AGGRESSIVE;
				GCC_WARN_UNUSED_FUNCTION = YES;
				GCC_WARN_UNUSED_VARIABLE = YES;
				IPHONEOS_DEPLOYMENT_TARGET = 12.4;
				MTL_ENABLE_DEBUG_INFO = NO;
				MTL_FAST_MATH = YES;
				SDKROOT = iphoneos;
				SWIFT_COMPILATION_MODE = wholemodule;
				SWIFT_OPTIMIZATION_LEVEL = "-O";
				VALIDATE_PRODUCT = YES;
			};
			name = Release;
		};
		88A00AB723222A7F009B3A35 /* Debug */ = {
			isa = XCBuildConfiguration;
			buildSettings = {
				ASSETCATALOG_COMPILER_APPICON_NAME = AppIcon;
				CODE_SIGN_STYLE = Automatic;
				DEVELOPMENT_TEAM = C5BC5594CU;
				INFOPLIST_FILE = PixelImage/Info.plist;
				IPHONEOS_DEPLOYMENT_TARGET = 10.0;
				LD_RUNPATH_SEARCH_PATHS = (
					"$(inherited)",
					"@executable_path/Frameworks",
				);
				PRODUCT_BUNDLE_IDENTIFIER = com.JeguLabs.PixelImage;
				PRODUCT_NAME = "$(TARGET_NAME)";
				SWIFT_VERSION = 5.0;
				TARGETED_DEVICE_FAMILY = "1,2";
			};
			name = Debug;
		};
		88A00AB823222A7F009B3A35 /* Release */ = {
			isa = XCBuildConfiguration;
			buildSettings = {
				ASSETCATALOG_COMPILER_APPICON_NAME = AppIcon;
				CODE_SIGN_STYLE = Automatic;
				DEVELOPMENT_TEAM = C5BC5594CU;
				INFOPLIST_FILE = PixelImage/Info.plist;
				IPHONEOS_DEPLOYMENT_TARGET = 10.0;
				LD_RUNPATH_SEARCH_PATHS = (
					"$(inherited)",
					"@executable_path/Frameworks",
				);
				PRODUCT_BUNDLE_IDENTIFIER = com.JeguLabs.PixelImage;
				PRODUCT_NAME = "$(TARGET_NAME)";
				SWIFT_VERSION = 5.0;
				TARGETED_DEVICE_FAMILY = "1,2";
			};
			name = Release;
		};
/* End XCBuildConfiguration section */

/* Begin XCConfigurationList section */
		88A00A9F23222A5E009B3A35 /* Build configuration list for PBXProject "PixelImage" */ = {
			isa = XCConfigurationList;
			buildConfigurations = (
				88A00AB423222A7F009B3A35 /* Debug */,
				88A00AB523222A7F009B3A35 /* Release */,
			);
			defaultConfigurationIsVisible = 0;
			defaultConfigurationName = Release;
		};
		88A00AB623222A7F009B3A35 /* Build configuration list for PBXNativeTarget "PixelImage" */ = {
			isa = XCConfigurationList;
			buildConfigurations = (
				88A00AB723222A7F009B3A35 /* Debug */,
				88A00AB823222A7F009B3A35 /* Release */,
			);
			defaultConfigurationIsVisible = 0;
			defaultConfigurationName = Release;
		};
/* End XCConfigurationList section */
	};
	rootObject = 88A00A9C23222A5D009B3A35 /* Project object */;
}
